
Microsoft Visual Studio Solution File, Format Version 12.00
# Visual Studio 2012
Project("{FAE04EC0-301F-11D3-BF4B-00C04F79EFBC}") = "umbraco.webservices", "umbraco.webservices.csproj", "{CBDB56AC-FF02-4421-9FD4-ED82E339D8E2}"
EndProject
Project("{2150E333-8FDC-42A3-9474-1A3956D46DE8}") = ".nuget", ".nuget", "{A3DEA5F2-8050-491E-A92D-5B0F955E2A2E}"
	ProjectSection(SolutionItems) = preProject
		.nuget\NuGet.Config = .nuget\NuGet.Config
		.nuget\NuGet.exe = .nuget\NuGet.exe
		.nuget\NuGet.targets = .nuget\NuGet.targets
	EndProjectSection
EndProject
Global
	GlobalSection(SolutionConfigurationPlatforms) = preSolution
		Debug|Any CPU = Debug|Any CPU
		Release|Any CPU = Release|Any CPU
	EndGlobalSection
	GlobalSection(ProjectConfigurationPlatforms) = postSolution
		{CBDB56AC-FF02-4421-9FD4-ED82E339D8E2}.Debug|Any CPU.ActiveCfg = Debug|Any CPU
		{CBDB56AC-FF02-4421-9FD4-ED82E339D8E2}.Debug|Any CPU.Build.0 = Debug|Any CPU
		{CBDB56AC-FF02-4421-9FD4-ED82E339D8E2}.Release|Any CPU.ActiveCfg = Release|Any CPU
		{CBDB56AC-FF02-4421-9FD4-ED82E339D8E2}.Release|Any CPU.Build.0 = Release|Any CPU
	EndGlobalSection
	GlobalSection(SolutionProperties) = preSolution
		HideSolutionNode = FALSE
	EndGlobalSection
EndGlobal
